#MicroXplorer Configuration settings - do not modify
Mcu.Family=STM32F4
NVIC.USART3_IRQn=true\:5\:0\:false\:false\:true\:true\:true\:true
ProjectManager.MainLocation=Src
PA2.GPIO_PuPd=GPIO_PULLUP
PH0-OSC_IN.Locked=true
PH0-OSC_IN.Signal=RCC_OSC_IN
Dma.USART3_RX.0.PeriphInc=DMA_PINC_DISABLE
RCC.CortexFreq_Value=168000000
PG6.Signal=GPIO_Output
ProjectManager.KeepUserCode=true
Mcu.UserName=STM32F407ZGTx
PB10.Mode=Asynchronous
PG6.Locked=true
Dma.USART3_TX.1.MemInc=DMA_MINC_ENABLE
RCC.PLLCLKFreq_Value=168000000
LWIP.LWIP_SO_RCVTIMEO=1
RCC.PLLQCLKFreq_Value=84000000
Dma.USART3_TX.1.PeriphDataAlignment=DMA_PDATAALIGN_BYTE
ProjectManager.functionlistsort=1-MX_GPIO_Init-GPIO-false-HAL-true,2-MX_DMA_Init-DMA-false-HAL-true,3-SystemClock_Config-RCC-false-HAL-false,4-MX_USART3_UART_Init-USART3-false-HAL-true,5-MX_LWIP_Init-LWIP-false-HAL-false,6-MX_USART1_UART_Init-USART1-false-HAL-true,7-MX_USART6_UART_Init-USART6-false-HAL-true
RCC.RTCFreq_Value=32000
Dma.USART3_TX.1.Instance=DMA1_Stream3
PC5.Mode=RMII
PG14.GPIOParameters=GPIO_PuPd
USART1.IPParameters=VirtualMode
PB11.Signal=USART3_RX
PG13.Signal=ETH_TXD0
PA2.GPIOParameters=GPIO_PuPd
PinOutPanel.RotationAngle=0
PG11.Signal=ETH_TX_EN
RCC.SYSCLKSource=RCC_SYSCLKSOURCE_PLLCLK
ProjectManager.StackSize=0x400
VP_FREERTOS_VS_CMSIS_V2.Mode=CMSIS_V2
LWIP.NETMASK_ADDRESS=255.255.255.000
Mcu.IP4=NVIC
Mcu.IP5=RCC
RCC.FCLKCortexFreq_Value=168000000
Mcu.IP2=FREERTOS
NVIC.SVCall_IRQn=true\:0\:0\:false\:false\:false\:false\:false\:false
Mcu.IP3=LWIP
Mcu.IP0=DMA
Mcu.IP1=ETH
Mcu.UserConstants=
PC1.GPIOParameters=GPIO_PuPd
LWIP.IPParameters=LWIP_DHCP,IP_ADDRESS,NETMASK_ADDRESS,GATEWAY_ADDRESS,MEMP_NUM_SYS_TIMEOUT,LWIP_DNS,LWIP_SO_SNDTIMEO,LWIP_SO_RCVTIMEO
Mcu.ThirdPartyNb=0
PG11.GPIO_PuPd=GPIO_PULLUP
RCC.HCLKFreq_Value=168000000
Mcu.IPNb=10
RCC.I2SClocksFreq_Value=192000000
ProjectManager.PreviousToolchain=
RCC.APB2TimFreq_Value=168000000
PB6.Signal=USART1_TX
RCC.VcooutputI2S=192000000
PC7.Signal=USART6_RX
PB6.Mode=Asynchronous
Mcu.Pin6=PA7
Mcu.Pin7=PC4
Mcu.Pin8=PC5
Mcu.Pin9=PB10
FREERTOS.IPParameters=Tasks01,configTOTAL_HEAP_SIZE,FootprintOK
PA1.GPIO_PuPd=GPIO_PULLUP
RCC.AHBFreq_Value=168000000
PH0-OSC_IN.Mode=HSE-External-Oscillator
Mcu.Pin0=PC13-ANTI_TAMP
Mcu.Pin1=PH0-OSC_IN
NVIC.ETH_IRQn=true\:5\:0\:false\:false\:true\:true\:false\:true
GPIO.groupedBy=Group By Peripherals
Mcu.Pin2=PH1-OSC_OUT
Mcu.Pin3=PC1
Mcu.Pin4=PA1
Mcu.Pin5=PA2
ProjectManager.ProjectBuild=false
LWIP.MEMP_NUM_SYS_TIMEOUT=6
RCC.HSE_VALUE=12000000
PG13.Locked=true
NVIC.UsageFault_IRQn=true\:0\:0\:false\:false\:true\:false\:false\:false
Dma.USART3_RX.0.MemDataAlignment=DMA_MDATAALIGN_BYTE
NVIC.DebugMonitor_IRQn=true\:0\:0\:false\:false\:true\:false\:false\:false
PB3.Mode=Trace_Asynchronous_SW
Dma.USART3_TX.1.Mode=DMA_NORMAL
PC13-ANTI_TAMP.Signal=GPIO_Output
PC1.GPIO_PuPd=GPIO_PULLUP
NVIC.SysTick_IRQn=true\:15\:0\:false\:false\:false\:true\:false\:true
PG13.GPIO_PuPd=GPIO_PULLUP
PG14.Mode=RMII
ProjectManager.FirmwarePackage=STM32Cube FW_F4 V1.25.2
MxDb.Version=DB.6.0.10
PA1.GPIOParameters=GPIO_PuPd
ProjectManager.BackupPrevious=false
RCC.VCOInputFreq_Value=2000000
PA14.Mode=Trace_Asynchronous_SW
LWIP.LWIP_SO_SNDTIMEO=1
VP_SYS_VS_tim1.Mode=TIM1
File.Version=6
Dma.USART3_RX.0.PeriphDataAlignment=DMA_PDATAALIGN_BYTE
PH1-OSC_OUT.Locked=true
ETH.RxMode=ETH_RXINTERRUPT_MODE
PB7.Signal=USART1_RX
Dma.USART3_RX.0.FIFOMode=DMA_FIFOMODE_DISABLE
PG13.Mode=RMII
PB6.Locked=true
NVIC.PendSV_IRQn=true\:15\:0\:false\:false\:false\:true\:false\:false
Dma.RequestsNb=2
ProjectManager.HalAssertFull=false
FREERTOS.configTOTAL_HEAP_SIZE=50000
Dma.USART3_TX.1.FIFOMode=DMA_FIFOMODE_DISABLE
Dma.USART3_TX.1.Priority=DMA_PRIORITY_MEDIUM
ProjectManager.ProjectName=micro-ROS
PH1-OSC_OUT.Mode=HSE-External-Oscillator
RCC.MCO2PinFreq_Value=168000000
Dma.USART3_RX.0.Direction=DMA_PERIPH_TO_MEMORY
Mcu.Package=LQFP144
NVIC.TimeBase=TIM1_UP_TIM10_IRQn
PG11.Locked=true
PG13.GPIOParameters=GPIO_PuPd
USART6.VirtualMode=VM_ASYNC
PA14.Locked=true
ProjectManager.ToolChainLocation=
RCC.LSI_VALUE=32000
NVIC.TimeBaseIP=TIM1
USART3.IPParameters=VirtualMode
FREERTOS.FootprintOK=true
Dma.USART3_RX.0.MemInc=DMA_MINC_ENABLE
RCC.APB2CLKDivider=RCC_HCLK_DIV2
Dma.Request1=USART3_TX
RCC.APB1TimFreq_Value=84000000
NVIC.BusFault_IRQn=true\:0\:0\:false\:false\:true\:false\:false\:false
PC5.Signal=ETH_RXD1
Dma.USART3_TX.1.PeriphInc=DMA_PINC_DISABLE
Dma.USART3_RX.0.RequestParameters=Instance,Direction,PeriphInc,MemInc,PeriphDataAlignment,MemDataAlignment,Mode,Priority,FIFOMode
Dma.Request0=USART3_RX
ProjectManager.CustomerFirmwarePackage=
PC4.GPIOParameters=GPIO_PuPd
PC4.Mode=RMII
VP_LWIP_VS_Enabled.Signal=LWIP_VS_Enabled
LWIP.IP_ADDRESS=192.168.001.123
Dma.USART3_RX.0.Instance=DMA1_Stream1
Dma.USART3_TX.1.MemDataAlignment=DMA_MDATAALIGN_BYTE
ProjectManager.ProjectFileName=micro-ROS.ioc
FREERTOS.Tasks01=initTask,23,1500,initTaskFunction,Default,NULL,Dynamic,NULL,NULL
PA7.Mode=RMII
Mcu.PinsNb=25
ProjectManager.NoMain=false
PC4.GPIO_PuPd=GPIO_PULLUP
USART6.IPParameters=VirtualMode
NVIC.SavedSvcallIrqHandlerGenerated=true
PC4.Signal=ETH_RXD0
PC6.Signal=USART6_TX
ProjectManager.DefaultFWLocation=true
LWIP.LWIP_DHCP=1
NVIC.DMA1_Stream1_IRQn=true\:5\:0\:false\:false\:true\:true\:false\:true
ProjectManager.DeletePrevious=true
RCC.APB1CLKDivider=RCC_HCLK_DIV4
PB10.Locked=true
PC5.GPIO_PuPd=GPIO_PULLUP
PG14.Locked=true
ETH.PhyAddress=0
RCC.FamilyName=M
Dma.USART3_RX.0.Mode=DMA_CIRCULAR
VP_LWIP_VS_Enabled.Mode=Enabled
LWIP.GATEWAY_ADDRESS=192.168.001.001
LWIP.LWIP_DNS=1
ETH.IPParameters=MediaInterface,RxMode,PhyAddress
PA13.Signal=SYS_JTMS-SWDIO
PB11.Mode=Asynchronous
ProjectManager.TargetToolchain=Makefile
Dma.USART3_TX.1.RequestParameters=Instance,Direction,PeriphInc,MemInc,PeriphDataAlignment,MemDataAlignment,Mode,Priority,FIFOMode
PC6.Mode=Asynchronous
PC5.GPIOParameters=GPIO_PuPd
ProjectManager.RegisterCallBack=
RCC.LSE_VALUE=32768
PA7.GPIO_PuPd=GPIO_PULLUP
PA1.Signal=ETH_REF_CLK
PB10.Signal=USART3_TX
RCC.VCOI2SOutputFreq_Value=384000000
PG14.Signal=ETH_TXD1
board=custom
RCC.VCOOutputFreq_Value=336000000
PC13-ANTI_TAMP.Locked=true
ProjectManager.LastFirmware=true
NVIC.SavedSystickIrqHandlerGenerated=true
RCC.APB2Freq_Value=84000000
PA1.Mode=RMII
MxCube.Version=6.1.2
VP_SYS_VS_tim1.Signal=SYS_VS_tim1
RCC.EthernetFreq_Value=168000000
PH1-OSC_OUT.Signal=RCC_OSC_OUT
NVIC.NonMaskableInt_IRQn=true\:0\:0\:false\:false\:true\:false\:false\:false
PG14.GPIO_PuPd=GPIO_PULLUP
PA13.Mode=Trace_Asynchronous_SW
ProjectManager.FreePins=false
RCC.IPParameters=48MHZClocksFreq_Value,AHBFreq_Value,APB1CLKDivider,APB1Freq_Value,APB1TimFreq_Value,APB2CLKDivider,APB2Freq_Value,APB2TimFreq_Value,CortexFreq_Value,EthernetFreq_Value,FCLKCortexFreq_Value,FamilyName,HCLKFreq_Value,HSE_VALUE,HSI_VALUE,I2SClocksFreq_Value,LSE_VALUE,LSI_VALUE,MCO2PinFreq_Value,PLLCLKFreq_Value,PLLM,PLLN,PLLQCLKFreq_Value,RTCFreq_Value,RTCHSEDivFreq_Value,SYSCLKFreq_VALUE,SYSCLKSource,VCOI2SOutputFreq_Value,VCOInputFreq_Value,VCOOutputFreq_Value,VcooutputI2S
ProjectManager.AskForMigrate=false
Mcu.Name=STM32F407Z(E-G)Tx
NVIC.SavedPendsvIrqHandlerGenerated=true
RCC.RTCHSEDivFreq_Value=6000000
Mcu.Pin24=VP_SYS_VS_tim1
PA2.Signal=ETH_MDIO
ProjectManager.UnderRoot=false
Mcu.IP8=USART3
VP_FREERTOS_VS_CMSIS_V2.Signal=FREERTOS_VS_CMSIS_V2
Mcu.IP9=USART6
Mcu.IP6=SYS
Mcu.IP7=USART1
ProjectManager.CoupleFile=false
RCC.48MHZClocksFreq_Value=84000000
PB3.Signal=SYS_JTDO-SWO
RCC.SYSCLKFreq_VALUE=168000000
Mcu.Pin22=VP_FREERTOS_VS_CMSIS_V2
Dma.USART3_RX.0.Priority=DMA_PRIORITY_VERY_HIGH
ETH.MediaInterface=ETH_MEDIA_INTERFACE_RMII
Mcu.Pin23=VP_LWIP_VS_Enabled
Mcu.Pin20=PB6
Mcu.Pin21=PB7
NVIC.ForceEnableDMAVector=true
KeepUserPlacement=false
USART3.VirtualMode=VM_ASYNC
NVIC.MemoryManagement_IRQn=true\:0\:0\:false\:false\:true\:false\:false\:false
PA13.Locked=true
USART1.VirtualMode=VM_ASYNC
ProjectManager.CompilerOptimize=6
PG11.Mode=RMII
PB7.Mode=Asynchronous
PA14.Signal=SYS_JTCK-SWCLK
ProjectManager.HeapSize=0x200
Mcu.Pin15=PA14
NVIC.HardFault_IRQn=true\:0\:0\:false\:false\:true\:false\:false\:false
Mcu.Pin16=PG11
LWIP.Version=v2.1.2_Cube
Mcu.Pin13=PC7
Mcu.Pin14=PA13
Mcu.Pin19=PB3
NVIC.TIM1_UP_TIM10_IRQn=true\:0\:0\:false\:false\:true\:false\:false\:true
ProjectManager.ComputerToolchain=false
Mcu.Pin17=PG13
RCC.HSI_VALUE=16000000
Mcu.Pin18=PG14
NVIC.PriorityGroup=NVIC_PRIORITYGROUP_4
Mcu.Pin11=PG6
Dma.USART3_TX.1.Direction=DMA_MEMORY_TO_PERIPH
Mcu.Pin12=PC6
RCC.PLLM=8
RCC.PLLN=168
Mcu.Pin10=PB11
PB7.Locked=true
PA2.Mode=RMII
NVIC.DMA1_Stream3_IRQn=true\:5\:0\:false\:false\:true\:true\:false\:true
PC7.Mode=Asynchronous
RCC.APB1Freq_Value=42000000
PA7.GPIOParameters=GPIO_PuPd
PB11.Locked=true
ProjectManager.DeviceId=STM32F407ZGTx
PC1.Signal=ETH_MDC
ProjectManager.LibraryCopy=0
PC1.Mode=RMII
PG11.GPIOParameters=GPIO_PuPd
PA7.Signal=ETH_CRS_DV
